
Microsoft Visual Studio Solution File, Format Version 12.00
# Visual Studio Version 17
VisualStudioVersion = 17.5.002.0
MinimumVisualStudioVersion = 10.0.40219.1
Project("{9A19103F-16F7-4668-BE54-9A1E7A4F7556}") = "MinDiameterOfMergedTrees", "MinDiameterOfMergedTrees.csproj", "{8C097444-D713-4D44-8E44-D943CF06BFC3}"
EndProject
Global
	GlobalSection(SolutionConfigurationPlatforms) = preSolution
		Debug|Any CPU = Debug|Any CPU
		Release|Any CPU = Release|Any CPU
	EndGlobalSection
	GlobalSection(ProjectConfigurationPlatforms) = postSolution
		{8C097444-D713-4D44-8E44-D943CF06BFC3}.Debug|Any CPU.ActiveCfg = Debug|Any CPU
		{8C097444-D713-4D44-8E44-D943CF06BFC3}.Debug|Any CPU.Build.0 = Debug|Any CPU
		{8C097444-D713-4D44-8E44-D943CF06BFC3}.Release|Any CPU.ActiveCfg = Release|Any CPU
		{8C097444-D713-4D44-8E44-D943CF06BFC3}.Release|Any CPU.Build.0 = Release|Any CPU
	EndGlobalSection
	GlobalSection(SolutionProperties) = preSolution
		HideSolutionNode = FALSE
	EndGlobalSection
	GlobalSection(ExtensibilityGlobals) = postSolution
		SolutionGuid = {326F1A9D-804A-4687-85F4-3C0FE9EB6891}
	EndGlobalSection
EndGlobal
