
Microsoft Visual Studio Solution File, Format Version 12.00
# Visual Studio 15
VisualStudioVersion = 15.0.26124.0
MinimumVisualStudioVersion = 15.0.26124.0
Project("{FAE04EC0-301F-11D3-BF4B-00C04F79EFBC}") = "SingleBinSearch", "SingleBinSearch\SingleBinSearch.csproj", "{5078B66A-FA57-489F-B64D-5358D9E2C80D}"
EndProject
Project("{FAE04EC0-301F-11D3-BF4B-00C04F79EFBC}") = "SingleBinSearch.Tests", "SingleBinSearch.Tests\SingleBinSearch.Tests.csproj", "{A009103F-EE4C-4B9D-B0D1-F420A67A5CF5}"
EndProject
Global
	GlobalSection(SolutionConfigurationPlatforms) = preSolution
		Debug|Any CPU = Debug|Any CPU
		Debug|x64 = Debug|x64
		Debug|x86 = Debug|x86
		Release|Any CPU = Release|Any CPU
		Release|x64 = Release|x64
		Release|x86 = Release|x86
	EndGlobalSection
	GlobalSection(SolutionProperties) = preSolution
		HideSolutionNode = FALSE
	EndGlobalSection
	GlobalSection(ProjectConfigurationPlatforms) = postSolution
		{5078B66A-FA57-489F-B64D-5358D9E2C80D}.Debug|Any CPU.ActiveCfg = Debug|Any CPU
		{5078B66A-FA57-489F-B64D-5358D9E2C80D}.Debug|Any CPU.Build.0 = Debug|Any CPU
		{5078B66A-FA57-489F-B64D-5358D9E2C80D}.Debug|x64.ActiveCfg = Debug|x64
		{5078B66A-FA57-489F-B64D-5358D9E2C80D}.Debug|x64.Build.0 = Debug|x64
		{5078B66A-FA57-489F-B64D-5358D9E2C80D}.Debug|x86.ActiveCfg = Debug|x86
		{5078B66A-FA57-489F-B64D-5358D9E2C80D}.Debug|x86.Build.0 = Debug|x86
		{5078B66A-FA57-489F-B64D-5358D9E2C80D}.Release|Any CPU.ActiveCfg = Release|Any CPU
		{5078B66A-FA57-489F-B64D-5358D9E2C80D}.Release|Any CPU.Build.0 = Release|Any CPU
		{5078B66A-FA57-489F-B64D-5358D9E2C80D}.Release|x64.ActiveCfg = Release|x64
		{5078B66A-FA57-489F-B64D-5358D9E2C80D}.Release|x64.Build.0 = Release|x64
		{5078B66A-FA57-489F-B64D-5358D9E2C80D}.Release|x86.ActiveCfg = Release|x86
		{5078B66A-FA57-489F-B64D-5358D9E2C80D}.Release|x86.Build.0 = Release|x86
		{A009103F-EE4C-4B9D-B0D1-F420A67A5CF5}.Debug|Any CPU.ActiveCfg = Debug|Any CPU
		{A009103F-EE4C-4B9D-B0D1-F420A67A5CF5}.Debug|Any CPU.Build.0 = Debug|Any CPU
		{A009103F-EE4C-4B9D-B0D1-F420A67A5CF5}.Debug|x64.ActiveCfg = Debug|x64
		{A009103F-EE4C-4B9D-B0D1-F420A67A5CF5}.Debug|x64.Build.0 = Debug|x64
		{A009103F-EE4C-4B9D-B0D1-F420A67A5CF5}.Debug|x86.ActiveCfg = Debug|x86
		{A009103F-EE4C-4B9D-B0D1-F420A67A5CF5}.Debug|x86.Build.0 = Debug|x86
		{A009103F-EE4C-4B9D-B0D1-F420A67A5CF5}.Release|Any CPU.ActiveCfg = Release|Any CPU
		{A009103F-EE4C-4B9D-B0D1-F420A67A5CF5}.Release|Any CPU.Build.0 = Release|Any CPU
		{A009103F-EE4C-4B9D-B0D1-F420A67A5CF5}.Release|x64.ActiveCfg = Release|x64
		{A009103F-EE4C-4B9D-B0D1-F420A67A5CF5}.Release|x64.Build.0 = Release|x64
		{A009103F-EE4C-4B9D-B0D1-F420A67A5CF5}.Release|x86.ActiveCfg = Release|x86
		{A009103F-EE4C-4B9D-B0D1-F420A67A5CF5}.Release|x86.Build.0 = Release|x86
	EndGlobalSection
EndGlobal
