
Microsoft Visual Studio Solution File, Format Version 12.00
# Visual Studio 15
VisualStudioVersion = 15.0.26124.0
MinimumVisualStudioVersion = 15.0.26124.0
Project("{FAE04EC0-301F-11D3-BF4B-00C04F79EFBC}") = "AdHocTraversal", "AdHocTraversal\AdHocTraversal.csproj", "{4CE5E5B4-176B-4676-A882-D6177AA1DF6D}"
EndProject
Project("{FAE04EC0-301F-11D3-BF4B-00C04F79EFBC}") = "AdHocTraversal.Tests", "AdHocTraversal.Tests\AdHocTraversal.Tests.csproj", "{84128B03-721F-422E-A2B6-E2FDAE823FEB}"
EndProject
Global
	GlobalSection(SolutionConfigurationPlatforms) = preSolution
		Debug|Any CPU = Debug|Any CPU
		Debug|x64 = Debug|x64
		Debug|x86 = Debug|x86
		Release|Any CPU = Release|Any CPU
		Release|x64 = Release|x64
		Release|x86 = Release|x86
	EndGlobalSection
	GlobalSection(SolutionProperties) = preSolution
		HideSolutionNode = FALSE
	EndGlobalSection
	GlobalSection(ProjectConfigurationPlatforms) = postSolution
		{4CE5E5B4-176B-4676-A882-D6177AA1DF6D}.Debug|Any CPU.ActiveCfg = Debug|Any CPU
		{4CE5E5B4-176B-4676-A882-D6177AA1DF6D}.Debug|Any CPU.Build.0 = Debug|Any CPU
		{4CE5E5B4-176B-4676-A882-D6177AA1DF6D}.Debug|x64.ActiveCfg = Debug|Any CPU
		{4CE5E5B4-176B-4676-A882-D6177AA1DF6D}.Debug|x64.Build.0 = Debug|Any CPU
		{4CE5E5B4-176B-4676-A882-D6177AA1DF6D}.Debug|x86.ActiveCfg = Debug|Any CPU
		{4CE5E5B4-176B-4676-A882-D6177AA1DF6D}.Debug|x86.Build.0 = Debug|Any CPU
		{4CE5E5B4-176B-4676-A882-D6177AA1DF6D}.Release|Any CPU.ActiveCfg = Release|Any CPU
		{4CE5E5B4-176B-4676-A882-D6177AA1DF6D}.Release|Any CPU.Build.0 = Release|Any CPU
		{4CE5E5B4-176B-4676-A882-D6177AA1DF6D}.Release|x64.ActiveCfg = Release|Any CPU
		{4CE5E5B4-176B-4676-A882-D6177AA1DF6D}.Release|x64.Build.0 = Release|Any CPU
		{4CE5E5B4-176B-4676-A882-D6177AA1DF6D}.Release|x86.ActiveCfg = Release|Any CPU
		{4CE5E5B4-176B-4676-A882-D6177AA1DF6D}.Release|x86.Build.0 = Release|Any CPU
		{84128B03-721F-422E-A2B6-E2FDAE823FEB}.Debug|Any CPU.ActiveCfg = Debug|Any CPU
		{84128B03-721F-422E-A2B6-E2FDAE823FEB}.Debug|Any CPU.Build.0 = Debug|Any CPU
		{84128B03-721F-422E-A2B6-E2FDAE823FEB}.Debug|x64.ActiveCfg = Debug|Any CPU
		{84128B03-721F-422E-A2B6-E2FDAE823FEB}.Debug|x64.Build.0 = Debug|Any CPU
		{84128B03-721F-422E-A2B6-E2FDAE823FEB}.Debug|x86.ActiveCfg = Debug|Any CPU
		{84128B03-721F-422E-A2B6-E2FDAE823FEB}.Debug|x86.Build.0 = Debug|Any CPU
		{84128B03-721F-422E-A2B6-E2FDAE823FEB}.Release|Any CPU.ActiveCfg = Release|Any CPU
		{84128B03-721F-422E-A2B6-E2FDAE823FEB}.Release|Any CPU.Build.0 = Release|Any CPU
		{84128B03-721F-422E-A2B6-E2FDAE823FEB}.Release|x64.ActiveCfg = Release|Any CPU
		{84128B03-721F-422E-A2B6-E2FDAE823FEB}.Release|x64.Build.0 = Release|Any CPU
		{84128B03-721F-422E-A2B6-E2FDAE823FEB}.Release|x86.ActiveCfg = Release|Any CPU
		{84128B03-721F-422E-A2B6-E2FDAE823FEB}.Release|x86.Build.0 = Release|Any CPU
	EndGlobalSection
EndGlobal
