Microsoft Visual Studio Solution File, Format Version 12.00
# Visual Studio Version 17
VisualStudioVersion = 17.5.2.0
MinimumVisualStudioVersion = 10.0.40219.1
Project("{FAE04EC0-301F-11D3-BF4B-00C04F79EFBC}") = "bear-steady-gene", "bear-steady-gene.csproj", "{73A43E44-8DA7-6311-D0B7-F55140E42A41}"
EndProject
Global
	GlobalSection(SolutionConfigurationPlatforms) = preSolution
		Debug|Any CPU = Debug|Any CPU
		Release|Any CPU = Release|Any CPU
	EndGlobalSection
	GlobalSection(ProjectConfigurationPlatforms) = postSolution
		{73A43E44-8DA7-6311-D0B7-F55140E42A41}.Debug|Any CPU.ActiveCfg = Debug|Any CPU
		{73A43E44-8DA7-6311-D0B7-F55140E42A41}.Debug|Any CPU.Build.0 = Debug|Any CPU
		{73A43E44-8DA7-6311-D0B7-F55140E42A41}.Release|Any CPU.ActiveCfg = Release|Any CPU
		{73A43E44-8DA7-6311-D0B7-F55140E42A41}.Release|Any CPU.Build.0 = Release|Any CPU
	EndGlobalSection
	GlobalSection(SolutionProperties) = preSolution
		HideSolutionNode = FALSE
	EndGlobalSection
	GlobalSection(ExtensibilityGlobals) = postSolution
		SolutionGuid = {D1A426D5-A6B4-4115-804C-F3D4A5A12D94}
	EndGlobalSection
EndGlobal
